
Microsoft Visual Studio Solution File, Format Version 12.00
# Visual Studio Version 17
VisualStudioVersion = 17.10.35027.167
MinimumVisualStudioVersion = 10.0.40219.1
Project("{FAE04EC0-301F-11D3-BF4B-00C04F79EFBC}") = "Ryze.System.Domain", "Ryze.System.Domain\Ryze.System.Domain.csproj", "{4DA66EC8-15B9-491C-9CAE-CD7291CBAE21}"
EndProject
Project("{FAE04EC0-301F-11D3-BF4B-00C04F79EFBC}") = "Ryze.System.Infra", "Ryze.System.Infra\Ryze.System.Infra.csproj", "{77D448C3-E800-474D-8EF0-E427BE4D5182}"
EndProject
Project("{FAE04EC0-301F-11D3-BF4B-00C04F79EFBC}") = "Ryze.System.Application", "Ryze.System.Application\Ryze.System.Application.csproj", "{AB8D9067-4DB1-48F5-A2A1-CE2250014F2A}"
EndProject
Project("{FAE04EC0-301F-11D3-BF4B-00C04F79EFBC}") = "Ryze.System.Web", "Ryze.System.Web\Ryze.System.Web.csproj", "{E0EE4621-01E8-45BB-A265-8A294D124616}"
EndProject
Global
	GlobalSection(SolutionConfigurationPlatforms) = preSolution
		Debug|Any CPU = Debug|Any CPU
		Release|Any CPU = Release|Any CPU
	EndGlobalSection
	GlobalSection(ProjectConfigurationPlatforms) = postSolution
		{4DA66EC8-15B9-491C-9CAE-CD7291CBAE21}.Debug|Any CPU.ActiveCfg = Debug|Any CPU
		{4DA66EC8-15B9-491C-9CAE-CD7291CBAE21}.Debug|Any CPU.Build.0 = Debug|Any CPU
		{4DA66EC8-15B9-491C-9CAE-CD7291CBAE21}.Release|Any CPU.ActiveCfg = Release|Any CPU
		{4DA66EC8-15B9-491C-9CAE-CD7291CBAE21}.Release|Any CPU.Build.0 = Release|Any CPU
		{77D448C3-E800-474D-8EF0-E427BE4D5182}.Debug|Any CPU.ActiveCfg = Debug|Any CPU
		{77D448C3-E800-474D-8EF0-E427BE4D5182}.Debug|Any CPU.Build.0 = Debug|Any CPU
		{77D448C3-E800-474D-8EF0-E427BE4D5182}.Release|Any CPU.ActiveCfg = Release|Any CPU
		{77D448C3-E800-474D-8EF0-E427BE4D5182}.Release|Any CPU.Build.0 = Release|Any CPU
		{AB8D9067-4DB1-48F5-A2A1-CE2250014F2A}.Debug|Any CPU.ActiveCfg = Debug|Any CPU
		{AB8D9067-4DB1-48F5-A2A1-CE2250014F2A}.Debug|Any CPU.Build.0 = Debug|Any CPU
		{AB8D9067-4DB1-48F5-A2A1-CE2250014F2A}.Release|Any CPU.ActiveCfg = Release|Any CPU
		{AB8D9067-4DB1-48F5-A2A1-CE2250014F2A}.Release|Any CPU.Build.0 = Release|Any CPU
		{E0EE4621-01E8-45BB-A265-8A294D124616}.Debug|Any CPU.ActiveCfg = Debug|Any CPU
		{E0EE4621-01E8-45BB-A265-8A294D124616}.Debug|Any CPU.Build.0 = Debug|Any CPU
		{E0EE4621-01E8-45BB-A265-8A294D124616}.Release|Any CPU.ActiveCfg = Release|Any CPU
		{E0EE4621-01E8-45BB-A265-8A294D124616}.Release|Any CPU.Build.0 = Release|Any CPU
	EndGlobalSection
	GlobalSection(SolutionProperties) = preSolution
		HideSolutionNode = FALSE
	EndGlobalSection
	GlobalSection(ExtensibilityGlobals) = postSolution
		SolutionGuid = {B33E594E-4C81-46CE-87DD-419AC2382AAD}
	EndGlobalSection
EndGlobal
